
Microsoft Visual Studio Solution File, Format Version 12.00
# Visual Studio 15
VisualStudioVersion = 15.0.27428.2015
MinimumVisualStudioVersion = 10.0.40219.1
Project("{FAE04EC0-301F-11D3-BF4B-00C04F79EFBC}") = "LBPluginTemplate", "LBPluginTemplate\LBPluginTemplate.csproj", "{0381938E-E261-48C0-B098-716E9EAE4D02}"
EndProject
Project("{FAE04EC0-301F-11D3-BF4B-00C04F79EFBC}") = "PluginContracts", "PluginContracts\PluginContracts.csproj", "{521929DC-7CAD-4CEE-BC99-F3A41E5E397C}"
EndProject
Global
	GlobalSection(SolutionConfigurationPlatforms) = preSolution
		Debug|Any CPU = Debug|Any CPU
		Release|Any CPU = Release|Any CPU
	EndGlobalSection
	GlobalSection(ProjectConfigurationPlatforms) = postSolution
		{0381938E-E261-48C0-B098-716E9EAE4D02}.Debug|Any CPU.ActiveCfg = Debug|Any CPU
		{0381938E-E261-48C0-B098-716E9EAE4D02}.Debug|Any CPU.Build.0 = Debug|Any CPU
		{0381938E-E261-48C0-B098-716E9EAE4D02}.Release|Any CPU.ActiveCfg = Release|Any CPU
		{0381938E-E261-48C0-B098-716E9EAE4D02}.Release|Any CPU.Build.0 = Release|Any CPU
		{521929DC-7CAD-4CEE-BC99-F3A41E5E397C}.Debug|Any CPU.ActiveCfg = Debug|Any CPU
		{521929DC-7CAD-4CEE-BC99-F3A41E5E397C}.Debug|Any CPU.Build.0 = Debug|Any CPU
		{521929DC-7CAD-4CEE-BC99-F3A41E5E397C}.Release|Any CPU.ActiveCfg = Release|Any CPU
		{521929DC-7CAD-4CEE-BC99-F3A41E5E397C}.Release|Any CPU.Build.0 = Release|Any CPU
	EndGlobalSection
	GlobalSection(SolutionProperties) = preSolution
		HideSolutionNode = FALSE
	EndGlobalSection
	GlobalSection(ExtensibilityGlobals) = postSolution
		SolutionGuid = {44E251B7-A773-442C-9163-BA8EA43B1892}
	EndGlobalSection
EndGlobal
